
Microsoft Visual Studio Solution File, Format Version 12.00
# Visual Studio 15
VisualStudioVersion = 15.0.26403.0
MinimumVisualStudioVersion = 10.0.40219.1
Project("{FAE04EC0-301F-11D3-BF4B-00C04F79EFBC}") = "Backend", "Backend\Backend.csproj", "{F961AEA9-9EC6-4126-9825-E8A057EB6D72}"
EndProject
Project("{D954291E-2A0B-460D-934E-DC6B0785DB48}") = "UI", "UI\UI\UI.shproj", "{48D2F9D1-2840-460C-A40F-50330AC28ED2}"
EndProject
Project("{FAE04EC0-301F-11D3-BF4B-00C04F79EFBC}") = "UI.Android", "UI\UI.Android\UI.Android.csproj", "{34E0D61C-C7FA-420F-88FC-E700FA01A077}"
EndProject
Project("{FAE04EC0-301F-11D3-BF4B-00C04F79EFBC}") = "UI.iOS", "UI\UI.iOS\UI.iOS.csproj", "{592A9110-A55E-45C1-A159-5F4B50BF0E43}"
EndProject
Project("{FAE04EC0-301F-11D3-BF4B-00C04F79EFBC}") = "UI.UWP", "UI\UI.UWP\UI.UWP.csproj", "{1EF236CC-A546-40C3-9023-88C43156F0BE}"
EndProject
Global
	GlobalSection(SharedMSBuildProjectFiles) = preSolution
		UI\UI\UI.projitems*{1ef236cc-a546-40c3-9023-88c43156f0be}*SharedItemsImports = 4
		UI\UI\UI.projitems*{34e0d61c-c7fa-420f-88fc-e700fa01a077}*SharedItemsImports = 4
		UI\UI\UI.projitems*{48d2f9d1-2840-460c-a40f-50330ac28ed2}*SharedItemsImports = 13
		UI\UI\UI.projitems*{592a9110-a55e-45c1-a159-5f4b50bf0e43}*SharedItemsImports = 4
	EndGlobalSection
	GlobalSection(SolutionConfigurationPlatforms) = preSolution
		Ad-Hoc|Any CPU = Ad-Hoc|Any CPU
		Ad-Hoc|ARM = Ad-Hoc|ARM
		Ad-Hoc|iPhone = Ad-Hoc|iPhone
		Ad-Hoc|iPhoneSimulator = Ad-Hoc|iPhoneSimulator
		Ad-Hoc|x64 = Ad-Hoc|x64
		Ad-Hoc|x86 = Ad-Hoc|x86
		AppStore|Any CPU = AppStore|Any CPU
		AppStore|ARM = AppStore|ARM
		AppStore|iPhone = AppStore|iPhone
		AppStore|iPhoneSimulator = AppStore|iPhoneSimulator
		AppStore|x64 = AppStore|x64
		AppStore|x86 = AppStore|x86
		Debug|Any CPU = Debug|Any CPU
		Debug|ARM = Debug|ARM
		Debug|iPhone = Debug|iPhone
		Debug|iPhoneSimulator = Debug|iPhoneSimulator
		Debug|x64 = Debug|x64
		Debug|x86 = Debug|x86
		Release|Any CPU = Release|Any CPU
		Release|ARM = Release|ARM
		Release|iPhone = Release|iPhone
		Release|iPhoneSimulator = Release|iPhoneSimulator
		Release|x64 = Release|x64
		Release|x86 = Release|x86
	EndGlobalSection
	GlobalSection(ProjectConfigurationPlatforms) = postSolution
		{F961AEA9-9EC6-4126-9825-E8A057EB6D72}.Ad-Hoc|Any CPU.ActiveCfg = Release|Any CPU
		{F961AEA9-9EC6-4126-9825-E8A057EB6D72}.Ad-Hoc|Any CPU.Build.0 = Release|Any CPU
		{F961AEA9-9EC6-4126-9825-E8A057EB6D72}.Ad-Hoc|ARM.ActiveCfg = Release|Any CPU
		{F961AEA9-9EC6-4126-9825-E8A057EB6D72}.Ad-Hoc|ARM.Build.0 = Release|Any CPU
		{F961AEA9-9EC6-4126-9825-E8A057EB6D72}.Ad-Hoc|iPhone.ActiveCfg = Release|Any CPU
		{F961AEA9-9EC6-4126-9825-E8A057EB6D72}.Ad-Hoc|iPhone.Build.0 = Release|Any CPU
		{F961AEA9-9EC6-4126-9825-E8A057EB6D72}.Ad-Hoc|iPhoneSimulator.ActiveCfg = Release|Any CPU
		{F961AEA9-9EC6-4126-9825-E8A057EB6D72}.Ad-Hoc|iPhoneSimulator.Build.0 = Release|Any CPU
		{F961AEA9-9EC6-4126-9825-E8A057EB6D72}.Ad-Hoc|x64.ActiveCfg = Release|Any CPU
		{F961AEA9-9EC6-4126-9825-E8A057EB6D72}.Ad-Hoc|x64.Build.0 = Release|Any CPU
		{F961AEA9-9EC6-4126-9825-E8A057EB6D72}.Ad-Hoc|x86.ActiveCfg = Release|Any CPU
		{F961AEA9-9EC6-4126-9825-E8A057EB6D72}.Ad-Hoc|x86.Build.0 = Release|Any CPU
		{F961AEA9-9EC6-4126-9825-E8A057EB6D72}.AppStore|Any CPU.ActiveCfg = Release|Any CPU
		{F961AEA9-9EC6-4126-9825-E8A057EB6D72}.AppStore|Any CPU.Build.0 = Release|Any CPU
		{F961AEA9-9EC6-4126-9825-E8A057EB6D72}.AppStore|ARM.ActiveCfg = Release|Any CPU
		{F961AEA9-9EC6-4126-9825-E8A057EB6D72}.AppStore|ARM.Build.0 = Release|Any CPU
		{F961AEA9-9EC6-4126-9825-E8A057EB6D72}.AppStore|iPhone.ActiveCfg = Release|Any CPU
		{F961AEA9-9EC6-4126-9825-E8A057EB6D72}.AppStore|iPhone.Build.0 = Release|Any CPU
		{F961AEA9-9EC6-4126-9825-E8A057EB6D72}.AppStore|iPhoneSimulator.ActiveCfg = Release|Any CPU
		{F961AEA9-9EC6-4126-9825-E8A057EB6D72}.AppStore|iPhoneSimulator.Build.0 = Release|Any CPU
		{F961AEA9-9EC6-4126-9825-E8A057EB6D72}.AppStore|x64.ActiveCfg = Release|Any CPU
		{F961AEA9-9EC6-4126-9825-E8A057EB6D72}.AppStore|x64.Build.0 = Release|Any CPU
		{F961AEA9-9EC6-4126-9825-E8A057EB6D72}.AppStore|x86.ActiveCfg = Release|Any CPU
		{F961AEA9-9EC6-4126-9825-E8A057EB6D72}.AppStore|x86.Build.0 = Release|Any CPU
		{F961AEA9-9EC6-4126-9825-E8A057EB6D72}.Debug|Any CPU.ActiveCfg = Debug|Any CPU
		{F961AEA9-9EC6-4126-9825-E8A057EB6D72}.Debug|Any CPU.Build.0 = Debug|Any CPU
		{F961AEA9-9EC6-4126-9825-E8A057EB6D72}.Debug|ARM.ActiveCfg = Debug|Any CPU
		{F961AEA9-9EC6-4126-9825-E8A057EB6D72}.Debug|ARM.Build.0 = Debug|Any CPU
		{F961AEA9-9EC6-4126-9825-E8A057EB6D72}.Debug|iPhone.ActiveCfg = Debug|Any CPU
		{F961AEA9-9EC6-4126-9825-E8A057EB6D72}.Debug|iPhone.Build.0 = Debug|Any CPU
		{F961AEA9-9EC6-4126-9825-E8A057EB6D72}.Debug|iPhoneSimulator.ActiveCfg = Debug|Any CPU
		{F961AEA9-9EC6-4126-9825-E8A057EB6D72}.Debug|iPhoneSimulator.Build.0 = Debug|Any CPU
		{F961AEA9-9EC6-4126-9825-E8A057EB6D72}.Debug|x64.ActiveCfg = Debug|Any CPU
		{F961AEA9-9EC6-4126-9825-E8A057EB6D72}.Debug|x64.Build.0 = Debug|Any CPU
		{F961AEA9-9EC6-4126-9825-E8A057EB6D72}.Debug|x86.ActiveCfg = Debug|Any CPU
		{F961AEA9-9EC6-4126-9825-E8A057EB6D72}.Debug|x86.Build.0 = Debug|Any CPU
		{F961AEA9-9EC6-4126-9825-E8A057EB6D72}.Release|Any CPU.ActiveCfg = Release|Any CPU
		{F961AEA9-9EC6-4126-9825-E8A057EB6D72}.Release|Any CPU.Build.0 = Release|Any CPU
		{F961AEA9-9EC6-4126-9825-E8A057EB6D72}.Release|ARM.ActiveCfg = Release|Any CPU
		{F961AEA9-9EC6-4126-9825-E8A057EB6D72}.Release|ARM.Build.0 = Release|Any CPU
		{F961AEA9-9EC6-4126-9825-E8A057EB6D72}.Release|iPhone.ActiveCfg = Release|Any CPU
		{F961AEA9-9EC6-4126-9825-E8A057EB6D72}.Release|iPhone.Build.0 = Release|Any CPU
		{F961AEA9-9EC6-4126-9825-E8A057EB6D72}.Release|iPhoneSimulator.ActiveCfg = Release|Any CPU
		{F961AEA9-9EC6-4126-9825-E8A057EB6D72}.Release|iPhoneSimulator.Build.0 = Release|Any CPU
		{F961AEA9-9EC6-4126-9825-E8A057EB6D72}.Release|x64.ActiveCfg = Release|Any CPU
		{F961AEA9-9EC6-4126-9825-E8A057EB6D72}.Release|x64.Build.0 = Release|Any CPU
		{F961AEA9-9EC6-4126-9825-E8A057EB6D72}.Release|x86.ActiveCfg = Release|Any CPU
		{F961AEA9-9EC6-4126-9825-E8A057EB6D72}.Release|x86.Build.0 = Release|Any CPU
		{34E0D61C-C7FA-420F-88FC-E700FA01A077}.Ad-Hoc|Any CPU.ActiveCfg = Release|Any CPU
		{34E0D61C-C7FA-420F-88FC-E700FA01A077}.Ad-Hoc|Any CPU.Build.0 = Release|Any CPU
		{34E0D61C-C7FA-420F-88FC-E700FA01A077}.Ad-Hoc|Any CPU.Deploy.0 = Release|Any CPU
		{34E0D61C-C7FA-420F-88FC-E700FA01A077}.Ad-Hoc|ARM.ActiveCfg = Release|Any CPU
		{34E0D61C-C7FA-420F-88FC-E700FA01A077}.Ad-Hoc|ARM.Build.0 = Release|Any CPU
		{34E0D61C-C7FA-420F-88FC-E700FA01A077}.Ad-Hoc|ARM.Deploy.0 = Release|Any CPU
		{34E0D61C-C7FA-420F-88FC-E700FA01A077}.Ad-Hoc|iPhone.ActiveCfg = Release|Any CPU
		{34E0D61C-C7FA-420F-88FC-E700FA01A077}.Ad-Hoc|iPhone.Build.0 = Release|Any CPU
		{34E0D61C-C7FA-420F-88FC-E700FA01A077}.Ad-Hoc|iPhone.Deploy.0 = Release|Any CPU
		{34E0D61C-C7FA-420F-88FC-E700FA01A077}.Ad-Hoc|iPhoneSimulator.ActiveCfg = Release|Any CPU
		{34E0D61C-C7FA-420F-88FC-E700FA01A077}.Ad-Hoc|iPhoneSimulator.Build.0 = Release|Any CPU
		{34E0D61C-C7FA-420F-88FC-E700FA01A077}.Ad-Hoc|iPhoneSimulator.Deploy.0 = Release|Any CPU
		{34E0D61C-C7FA-420F-88FC-E700FA01A077}.Ad-Hoc|x64.ActiveCfg = Release|Any CPU
		{34E0D61C-C7FA-420F-88FC-E700FA01A077}.Ad-Hoc|x64.Build.0 = Release|Any CPU
		{34E0D61C-C7FA-420F-88FC-E700FA01A077}.Ad-Hoc|x64.Deploy.0 = Release|Any CPU
		{34E0D61C-C7FA-420F-88FC-E700FA01A077}.Ad-Hoc|x86.ActiveCfg = Release|Any CPU
		{34E0D61C-C7FA-420F-88FC-E700FA01A077}.Ad-Hoc|x86.Build.0 = Release|Any CPU
		{34E0D61C-C7FA-420F-88FC-E700FA01A077}.Ad-Hoc|x86.Deploy.0 = Release|Any CPU
		{34E0D61C-C7FA-420F-88FC-E700FA01A077}.AppStore|Any CPU.ActiveCfg = Release|Any CPU
		{34E0D61C-C7FA-420F-88FC-E700FA01A077}.AppStore|Any CPU.Build.0 = Release|Any CPU
		{34E0D61C-C7FA-420F-88FC-E700FA01A077}.AppStore|Any CPU.Deploy.0 = Release|Any CPU
		{34E0D61C-C7FA-420F-88FC-E700FA01A077}.AppStore|ARM.ActiveCfg = Release|Any CPU
		{34E0D61C-C7FA-420F-88FC-E700FA01A077}.AppStore|ARM.Build.0 = Release|Any CPU
		{34E0D61C-C7FA-420F-88FC-E700FA01A077}.AppStore|ARM.Deploy.0 = Release|Any CPU
		{34E0D61C-C7FA-420F-88FC-E700FA01A077}.AppStore|iPhone.ActiveCfg = Release|Any CPU
		{34E0D61C-C7FA-420F-88FC-E700FA01A077}.AppStore|iPhone.Build.0 = Release|Any CPU
		{34E0D61C-C7FA-420F-88FC-E700FA01A077}.AppStore|iPhone.Deploy.0 = Release|Any CPU
		{34E0D61C-C7FA-420F-88FC-E700FA01A077}.AppStore|iPhoneSimulator.ActiveCfg = Release|Any CPU
		{34E0D61C-C7FA-420F-88FC-E700FA01A077}.AppStore|iPhoneSimulator.Build.0 = Release|Any CPU
		{34E0D61C-C7FA-420F-88FC-E700FA01A077}.AppStore|iPhoneSimulator.Deploy.0 = Release|Any CPU
		{34E0D61C-C7FA-420F-88FC-E700FA01A077}.AppStore|x64.ActiveCfg = Release|Any CPU
		{34E0D61C-C7FA-420F-88FC-E700FA01A077}.AppStore|x64.Build.0 = Release|Any CPU
		{34E0D61C-C7FA-420F-88FC-E700FA01A077}.AppStore|x64.Deploy.0 = Release|Any CPU
		{34E0D61C-C7FA-420F-88FC-E700FA01A077}.AppStore|x86.ActiveCfg = Release|Any CPU
		{34E0D61C-C7FA-420F-88FC-E700FA01A077}.AppStore|x86.Build.0 = Release|Any CPU
		{34E0D61C-C7FA-420F-88FC-E700FA01A077}.AppStore|x86.Deploy.0 = Release|Any CPU
		{34E0D61C-C7FA-420F-88FC-E700FA01A077}.Debug|Any CPU.ActiveCfg = Debug|Any CPU
		{34E0D61C-C7FA-420F-88FC-E700FA01A077}.Debug|Any CPU.Build.0 = Debug|Any CPU
		{34E0D61C-C7FA-420F-88FC-E700FA01A077}.Debug|Any CPU.Deploy.0 = Debug|Any CPU
		{34E0D61C-C7FA-420F-88FC-E700FA01A077}.Debug|ARM.ActiveCfg = Debug|Any CPU
		{34E0D61C-C7FA-420F-88FC-E700FA01A077}.Debug|ARM.Build.0 = Debug|Any CPU
		{34E0D61C-C7FA-420F-88FC-E700FA01A077}.Debug|ARM.Deploy.0 = Debug|Any CPU
		{34E0D61C-C7FA-420F-88FC-E700FA01A077}.Debug|iPhone.ActiveCfg = Debug|Any CPU
		{34E0D61C-C7FA-420F-88FC-E700FA01A077}.Debug|iPhone.Build.0 = Debug|Any CPU
		{34E0D61C-C7FA-420F-88FC-E700FA01A077}.Debug|iPhone.Deploy.0 = Debug|Any CPU
		{34E0D61C-C7FA-420F-88FC-E700FA01A077}.Debug|iPhoneSimulator.ActiveCfg = Debug|Any CPU
		{34E0D61C-C7FA-420F-88FC-E700FA01A077}.Debug|iPhoneSimulator.Build.0 = Debug|Any CPU
		{34E0D61C-C7FA-420F-88FC-E700FA01A077}.Debug|iPhoneSimulator.Deploy.0 = Debug|Any CPU
		{34E0D61C-C7FA-420F-88FC-E700FA01A077}.Debug|x64.ActiveCfg = Debug|Any CPU
		{34E0D61C-C7FA-420F-88FC-E700FA01A077}.Debug|x64.Build.0 = Debug|Any CPU
		{34E0D61C-C7FA-420F-88FC-E700FA01A077}.Debug|x64.Deploy.0 = Debug|Any CPU
		{34E0D61C-C7FA-420F-88FC-E700FA01A077}.Debug|x86.ActiveCfg = Debug|Any CPU
		{34E0D61C-C7FA-420F-88FC-E700FA01A077}.Debug|x86.Build.0 = Debug|Any CPU
		{34E0D61C-C7FA-420F-88FC-E700FA01A077}.Debug|x86.Deploy.0 = Debug|Any CPU
		{34E0D61C-C7FA-420F-88FC-E700FA01A077}.Release|Any CPU.ActiveCfg = Release|Any CPU
		{34E0D61C-C7FA-420F-88FC-E700FA01A077}.Release|Any CPU.Build.0 = Release|Any CPU
		{34E0D61C-C7FA-420F-88FC-E700FA01A077}.Release|Any CPU.Deploy.0 = Release|Any CPU
		{34E0D61C-C7FA-420F-88FC-E700FA01A077}.Release|ARM.ActiveCfg = Release|Any CPU
		{34E0D61C-C7FA-420F-88FC-E700FA01A077}.Release|ARM.Build.0 = Release|Any CPU
		{34E0D61C-C7FA-420F-88FC-E700FA01A077}.Release|ARM.Deploy.0 = Release|Any CPU
		{34E0D61C-C7FA-420F-88FC-E700FA01A077}.Release|iPhone.ActiveCfg = Release|Any CPU
		{34E0D61C-C7FA-420F-88FC-E700FA01A077}.Release|iPhone.Build.0 = Release|Any CPU
		{34E0D61C-C7FA-420F-88FC-E700FA01A077}.Release|iPhone.Deploy.0 = Release|Any CPU
		{34E0D61C-C7FA-420F-88FC-E700FA01A077}.Release|iPhoneSimulator.ActiveCfg = Release|Any CPU
		{34E0D61C-C7FA-420F-88FC-E700FA01A077}.Release|iPhoneSimulator.Build.0 = Release|Any CPU
		{34E0D61C-C7FA-420F-88FC-E700FA01A077}.Release|iPhoneSimulator.Deploy.0 = Release|Any CPU
		{34E0D61C-C7FA-420F-88FC-E700FA01A077}.Release|x64.ActiveCfg = Release|Any CPU
		{34E0D61C-C7FA-420F-88FC-E700FA01A077}.Release|x64.Build.0 = Release|Any CPU
		{34E0D61C-C7FA-420F-88FC-E700FA01A077}.Release|x64.Deploy.0 = Release|Any CPU
		{34E0D61C-C7FA-420F-88FC-E700FA01A077}.Release|x86.ActiveCfg = Release|Any CPU
		{34E0D61C-C7FA-420F-88FC-E700FA01A077}.Release|x86.Build.0 = Release|Any CPU
		{34E0D61C-C7FA-420F-88FC-E700FA01A077}.Release|x86.Deploy.0 = Release|Any CPU
		{592A9110-A55E-45C1-A159-5F4B50BF0E43}.Ad-Hoc|Any CPU.ActiveCfg = Ad-Hoc|iPhone
		{592A9110-A55E-45C1-A159-5F4B50BF0E43}.Ad-Hoc|ARM.ActiveCfg = Ad-Hoc|iPhone
		{592A9110-A55E-45C1-A159-5F4B50BF0E43}.Ad-Hoc|iPhone.ActiveCfg = Ad-Hoc|iPhone
		{592A9110-A55E-45C1-A159-5F4B50BF0E43}.Ad-Hoc|iPhone.Build.0 = Ad-Hoc|iPhone
		{592A9110-A55E-45C1-A159-5F4B50BF0E43}.Ad-Hoc|iPhoneSimulator.ActiveCfg = Ad-Hoc|iPhoneSimulator
		{592A9110-A55E-45C1-A159-5F4B50BF0E43}.Ad-Hoc|iPhoneSimulator.Build.0 = Ad-Hoc|iPhoneSimulator
		{592A9110-A55E-45C1-A159-5F4B50BF0E43}.Ad-Hoc|x64.ActiveCfg = Ad-Hoc|iPhone
		{592A9110-A55E-45C1-A159-5F4B50BF0E43}.Ad-Hoc|x86.ActiveCfg = Ad-Hoc|iPhone
		{592A9110-A55E-45C1-A159-5F4B50BF0E43}.AppStore|Any CPU.ActiveCfg = AppStore|iPhone
		{592A9110-A55E-45C1-A159-5F4B50BF0E43}.AppStore|ARM.ActiveCfg = AppStore|iPhone
		{592A9110-A55E-45C1-A159-5F4B50BF0E43}.AppStore|iPhone.ActiveCfg = AppStore|iPhone
		{592A9110-A55E-45C1-A159-5F4B50BF0E43}.AppStore|iPhone.Build.0 = AppStore|iPhone
		{592A9110-A55E-45C1-A159-5F4B50BF0E43}.AppStore|iPhoneSimulator.ActiveCfg = AppStore|iPhoneSimulator
		{592A9110-A55E-45C1-A159-5F4B50BF0E43}.AppStore|iPhoneSimulator.Build.0 = AppStore|iPhoneSimulator
		{592A9110-A55E-45C1-A159-5F4B50BF0E43}.AppStore|x64.ActiveCfg = AppStore|iPhone
		{592A9110-A55E-45C1-A159-5F4B50BF0E43}.AppStore|x86.ActiveCfg = AppStore|iPhone
		{592A9110-A55E-45C1-A159-5F4B50BF0E43}.Debug|Any CPU.ActiveCfg = Debug|iPhone
		{592A9110-A55E-45C1-A159-5F4B50BF0E43}.Debug|ARM.ActiveCfg = Debug|iPhone
		{592A9110-A55E-45C1-A159-5F4B50BF0E43}.Debug|iPhone.ActiveCfg = Debug|iPhone
		{592A9110-A55E-45C1-A159-5F4B50BF0E43}.Debug|iPhone.Build.0 = Debug|iPhone
		{592A9110-A55E-45C1-A159-5F4B50BF0E43}.Debug|iPhoneSimulator.ActiveCfg = Debug|iPhoneSimulator
		{592A9110-A55E-45C1-A159-5F4B50BF0E43}.Debug|iPhoneSimulator.Build.0 = Debug|iPhoneSimulator
		{592A9110-A55E-45C1-A159-5F4B50BF0E43}.Debug|x64.ActiveCfg = Debug|iPhone
		{592A9110-A55E-45C1-A159-5F4B50BF0E43}.Debug|x86.ActiveCfg = Debug|iPhone
		{592A9110-A55E-45C1-A159-5F4B50BF0E43}.Release|Any CPU.ActiveCfg = Release|iPhone
		{592A9110-A55E-45C1-A159-5F4B50BF0E43}.Release|ARM.ActiveCfg = Release|iPhone
		{592A9110-A55E-45C1-A159-5F4B50BF0E43}.Release|iPhone.ActiveCfg = Release|iPhone
		{592A9110-A55E-45C1-A159-5F4B50BF0E43}.Release|iPhone.Build.0 = Release|iPhone
		{592A9110-A55E-45C1-A159-5F4B50BF0E43}.Release|iPhoneSimulator.ActiveCfg = Release|iPhoneSimulator
		{592A9110-A55E-45C1-A159-5F4B50BF0E43}.Release|iPhoneSimulator.Build.0 = Release|iPhoneSimulator
		{592A9110-A55E-45C1-A159-5F4B50BF0E43}.Release|x64.ActiveCfg = Release|iPhone
		{592A9110-A55E-45C1-A159-5F4B50BF0E43}.Release|x86.ActiveCfg = Release|iPhone
		{1EF236CC-A546-40C3-9023-88C43156F0BE}.Ad-Hoc|Any CPU.ActiveCfg = Release|x86
		{1EF236CC-A546-40C3-9023-88C43156F0BE}.Ad-Hoc|Any CPU.Build.0 = Release|x86
		{1EF236CC-A546-40C3-9023-88C43156F0BE}.Ad-Hoc|Any CPU.Deploy.0 = Release|x86
		{1EF236CC-A546-40C3-9023-88C43156F0BE}.Ad-Hoc|ARM.ActiveCfg = Release|ARM
		{1EF236CC-A546-40C3-9023-88C43156F0BE}.Ad-Hoc|ARM.Build.0 = Release|ARM
		{1EF236CC-A546-40C3-9023-88C43156F0BE}.Ad-Hoc|ARM.Deploy.0 = Release|ARM
		{1EF236CC-A546-40C3-9023-88C43156F0BE}.Ad-Hoc|iPhone.ActiveCfg = Release|x86
		{1EF236CC-A546-40C3-9023-88C43156F0BE}.Ad-Hoc|iPhone.Build.0 = Release|x86
		{1EF236CC-A546-40C3-9023-88C43156F0BE}.Ad-Hoc|iPhone.Deploy.0 = Release|x86
		{1EF236CC-A546-40C3-9023-88C43156F0BE}.Ad-Hoc|iPhoneSimulator.ActiveCfg = Release|x86
		{1EF236CC-A546-40C3-9023-88C43156F0BE}.Ad-Hoc|iPhoneSimulator.Build.0 = Release|x86
		{1EF236CC-A546-40C3-9023-88C43156F0BE}.Ad-Hoc|iPhoneSimulator.Deploy.0 = Release|x86
		{1EF236CC-A546-40C3-9023-88C43156F0BE}.Ad-Hoc|x64.ActiveCfg = Release|x64
		{1EF236CC-A546-40C3-9023-88C43156F0BE}.Ad-Hoc|x64.Build.0 = Release|x64
		{1EF236CC-A546-40C3-9023-88C43156F0BE}.Ad-Hoc|x64.Deploy.0 = Release|x64
		{1EF236CC-A546-40C3-9023-88C43156F0BE}.Ad-Hoc|x86.ActiveCfg = Release|x86
		{1EF236CC-A546-40C3-9023-88C43156F0BE}.Ad-Hoc|x86.Build.0 = Release|x86
		{1EF236CC-A546-40C3-9023-88C43156F0BE}.Ad-Hoc|x86.Deploy.0 = Release|x86
		{1EF236CC-A546-40C3-9023-88C43156F0BE}.AppStore|Any CPU.ActiveCfg = Release|x86
		{1EF236CC-A546-40C3-9023-88C43156F0BE}.AppStore|Any CPU.Build.0 = Release|x86
		{1EF236CC-A546-40C3-9023-88C43156F0BE}.AppStore|Any CPU.Deploy.0 = Release|x86
		{1EF236CC-A546-40C3-9023-88C43156F0BE}.AppStore|ARM.ActiveCfg = Release|ARM
		{1EF236CC-A546-40C3-9023-88C43156F0BE}.AppStore|ARM.Build.0 = Release|ARM
		{1EF236CC-A546-40C3-9023-88C43156F0BE}.AppStore|ARM.Deploy.0 = Release|ARM
		{1EF236CC-A546-40C3-9023-88C43156F0BE}.AppStore|iPhone.ActiveCfg = Release|x86
		{1EF236CC-A546-40C3-9023-88C43156F0BE}.AppStore|iPhone.Build.0 = Release|x86
		{1EF236CC-A546-40C3-9023-88C43156F0BE}.AppStore|iPhone.Deploy.0 = Release|x86
		{1EF236CC-A546-40C3-9023-88C43156F0BE}.AppStore|iPhoneSimulator.ActiveCfg = Release|x86
		{1EF236CC-A546-40C3-9023-88C43156F0BE}.AppStore|iPhoneSimulator.Build.0 = Release|x86
		{1EF236CC-A546-40C3-9023-88C43156F0BE}.AppStore|iPhoneSimulator.Deploy.0 = Release|x86
		{1EF236CC-A546-40C3-9023-88C43156F0BE}.AppStore|x64.ActiveCfg = Release|x64
		{1EF236CC-A546-40C3-9023-88C43156F0BE}.AppStore|x64.Build.0 = Release|x64
		{1EF236CC-A546-40C3-9023-88C43156F0BE}.AppStore|x64.Deploy.0 = Release|x64
		{1EF236CC-A546-40C3-9023-88C43156F0BE}.AppStore|x86.ActiveCfg = Release|x86
		{1EF236CC-A546-40C3-9023-88C43156F0BE}.AppStore|x86.Build.0 = Release|x86
		{1EF236CC-A546-40C3-9023-88C43156F0BE}.AppStore|x86.Deploy.0 = Release|x86
		{1EF236CC-A546-40C3-9023-88C43156F0BE}.Debug|Any CPU.ActiveCfg = Debug|x86
		{1EF236CC-A546-40C3-9023-88C43156F0BE}.Debug|Any CPU.Build.0 = Debug|x86
		{1EF236CC-A546-40C3-9023-88C43156F0BE}.Debug|Any CPU.Deploy.0 = Debug|x86
		{1EF236CC-A546-40C3-9023-88C43156F0BE}.Debug|ARM.ActiveCfg = Debug|ARM
		{1EF236CC-A546-40C3-9023-88C43156F0BE}.Debug|ARM.Build.0 = Debug|ARM
		{1EF236CC-A546-40C3-9023-88C43156F0BE}.Debug|ARM.Deploy.0 = Debug|ARM
		{1EF236CC-A546-40C3-9023-88C43156F0BE}.Debug|iPhone.ActiveCfg = Debug|x86
		{1EF236CC-A546-40C3-9023-88C43156F0BE}.Debug|iPhoneSimulator.ActiveCfg = Debug|x86
		{1EF236CC-A546-40C3-9023-88C43156F0BE}.Debug|x64.ActiveCfg = Debug|x64
		{1EF236CC-A546-40C3-9023-88C43156F0BE}.Debug|x64.Build.0 = Debug|x64
		{1EF236CC-A546-40C3-9023-88C43156F0BE}.Debug|x64.Deploy.0 = Debug|x64
		{1EF236CC-A546-40C3-9023-88C43156F0BE}.Debug|x86.ActiveCfg = Debug|x86
		{1EF236CC-A546-40C3-9023-88C43156F0BE}.Debug|x86.Build.0 = Debug|x86
		{1EF236CC-A546-40C3-9023-88C43156F0BE}.Debug|x86.Deploy.0 = Debug|x86
		{1EF236CC-A546-40C3-9023-88C43156F0BE}.Release|Any CPU.ActiveCfg = Release|x86
		{1EF236CC-A546-40C3-9023-88C43156F0BE}.Release|ARM.ActiveCfg = Release|ARM
		{1EF236CC-A546-40C3-9023-88C43156F0BE}.Release|ARM.Build.0 = Release|ARM
		{1EF236CC-A546-40C3-9023-88C43156F0BE}.Release|ARM.Deploy.0 = Release|ARM
		{1EF236CC-A546-40C3-9023-88C43156F0BE}.Release|iPhone.ActiveCfg = Release|x86
		{1EF236CC-A546-40C3-9023-88C43156F0BE}.Release|iPhoneSimulator.ActiveCfg = Release|x86
		{1EF236CC-A546-40C3-9023-88C43156F0BE}.Release|x64.ActiveCfg = Release|x64
		{1EF236CC-A546-40C3-9023-88C43156F0BE}.Release|x64.Build.0 = Release|x64
		{1EF236CC-A546-40C3-9023-88C43156F0BE}.Release|x64.Deploy.0 = Release|x64
		{1EF236CC-A546-40C3-9023-88C43156F0BE}.Release|x86.ActiveCfg = Release|x86
		{1EF236CC-A546-40C3-9023-88C43156F0BE}.Release|x86.Build.0 = Release|x86
		{1EF236CC-A546-40C3-9023-88C43156F0BE}.Release|x86.Deploy.0 = Release|x86
	EndGlobalSection
	GlobalSection(SolutionProperties) = preSolution
		HideSolutionNode = FALSE
	EndGlobalSection
EndGlobal
